# This file is autogenerated, do not edit; changes may be undone by the next 'dep ensure'.


[[projects]]
  branch = "master"
  name = "github.com/golang/glog"
  packages = ["."]
  revision = "23def4e6c14b4da8ac2ed8007337bc5eb5007998"

[[projects]]
  branch = "master"
  name = "github.com/golang/protobuf"
  packages = ["proto","protoc-gen-go/descriptor","protoc-gen-go/generator","protoc-gen-go/plugin","ptypes","ptypes/any","ptypes/duration","ptypes/timestamp"]
  revision = "11b8df160996e00fd4b55cbaafb3d84ec6d50fa8"

[[projects]]
  name = "github.com/grpc-ecosystem/grpc-gateway"
  packages = ["protoc-gen-grpc-gateway","protoc-gen-grpc-gateway/descriptor","protoc-gen-grpc-gateway/generator","protoc-gen-grpc-gateway/gengateway","protoc-gen-grpc-gateway/httprule","utilities"]
  revision = "589b126116b5fc961939b3e156c29e4d9d58222f"
  version = "v1.2.2"

[[projects]]
  branch = "master"
  name = "github.com/square/goprotowrap"
  packages = ["."]
  revision = "1bcf1226a8b83a9bcfbd95dddb207e23f480c7be"

[[projects]]
  branch = "master"
  name = "golang.org/x/net"
  packages = ["context","http2","http2/hpack","idna","internal/timeseries","lex/httplex","trace"]
  revision = "859d1a86bb617c0c20d154590c3c5d3fcb670b07"

[[projects]]
  branch = "master"
  name = "golang.org/x/text"
  packages = ["collate","collate/build","internal/colltab","internal/gen","internal/tag","internal/triegen","internal/ucd","language","secure/bidirule","transform","unicode/bidi","unicode/cldr","unicode/norm","unicode/rangetable"]
  revision = "ab5ac5f9a8deb4855a60fab02bc61a4ec770bd49"

[[projects]]
  branch = "master"
  name = "google.golang.org/genproto"
  packages = ["googleapis/api/annotations","googleapis/rpc/status"]
  revision = "595979c8a7bf586b2d293fb42246bf91a0b893d9"

[[projects]]
  name = "google.golang.org/grpc"
  packages = [".","codes","connectivity","credentials","grpclb/grpc_lb_v1/messages","grpclog","internal","keepalive","metadata","naming","peer","stats","status","tap","transport"]
  revision = "f92cdcd7dcdc69e81b2d7b338479a19a8723cfa3"
  version = "v1.6.0"

[solve-meta]
  analyzer-name = "dep"
  analyzer-version = 1
  inputs-digest = "9ebd50d94178e216dadc6c1d8cafd0f50c830d7d052842b8e719a3b791c41025"
  solver-name = "gps-cdcl"
  solver-version = 1
